uuid: 88c24bb3-64d5-4b52-8b1b-15f36df86eed
langcode: en
status: true
dependencies:
  content:
    - 'block_content:description_and_images:0b8712a0-2905-45c4-baa6-380232dbe071'
  module:
    - block_content
    - system
  theme:
    - dcp
id: dcp_firstblock
theme: dcp
region: header
weight: 0
provider: null
plugin: 'block_content:0b8712a0-2905-45c4-baa6-380232dbe071'
settings:
  id: 'block_content:0b8712a0-2905-45c4-baa6-380232dbe071'
  label: 'We are bringing back the most awaited DrupalCamp to Pune!'
  provider: block_content
  label_display: visible
  status: true
  info: ''
  view_mode: full
visibility:
  request_path:
    id: request_path
    pages: '<front>'
    negate: false
    context_mapping: {  }
