uuid: 4a615afd-2c06-4dfa-86ae-0d928b8be5a9
langcode: en
status: true
dependencies:
  content:
    - 'block_content:basic:884618a5-48f5-44ca-9b94-5390aa0ab05c'
  module:
    - block_content
    - system
  theme:
    - bartik
id: selectioncommitteeblock
theme: bartik
region: content
weight: 0
provider: null
plugin: 'block_content:884618a5-48f5-44ca-9b94-5390aa0ab05c'
settings:
  id: 'block_content:884618a5-48f5-44ca-9b94-5390aa0ab05c'
  label: 'selection committee block'
  provider: block_content
  label_display: visible
  status: true
  info: ''
  view_mode: full
visibility:
  request_path:
    id: request_path
    pages: /session
    negate: false
    context_mapping: {  }
